{
  "originHash" : "522db531e1a07783c0ceee035ee00416514879b7df74bf14641d64d321b4d7cb",
  "pins" : [
    {
      "identity" : "grdb.swift",
      "kind" : "remoteSourceControl",
      "location" : "https://github.com/groue/GRDB.swift.git",
      "state" : {
        "branch" : "master",
        "revision" : "aa0079aeb82a4bf00324561a40bffe68c6fe1c26"
      }
    },
    {
      "identity" : "nostr-sdk-swift",
      "kind" : "remoteSourceControl",
      "location" : "https://github.com/rust-nostr/nostr-sdk-swift.git",
      "state" : {
        "revision" : "0c60d43fe0a92f6e8e3dbde29093a799d5ee6c8c",
        "version" : "0.44.2"
      }
    }
  ],
  "version" : 3
}
